
Microsoft Visual Studio Solution File, Format Version 12.00
# Visual Studio Version 17
VisualStudioVersion = 17.9.34622.214
MinimumVisualStudioVersion = 10.0.40219.1
Project("{9A19103F-16F7-4668-BE54-9A1E7A4F7556}") = "Maps_Project.Web", "Maps_Project.Web\Maps_Project.Web.csproj", "{6B7DB30C-F9F6-4633-8AD7-4DE15650DA7E}"
EndProject
Global
	GlobalSection(SolutionConfigurationPlatforms) = preSolution
		Debug|Any CPU = Debug|Any CPU
		Release|Any CPU = Release|Any CPU
	EndGlobalSection
	GlobalSection(ProjectConfigurationPlatforms) = postSolution
		{6B7DB30C-F9F6-4633-8AD7-4DE15650DA7E}.Debug|Any CPU.ActiveCfg = Debug|Any CPU
		{6B7DB30C-F9F6-4633-8AD7-4DE15650DA7E}.Debug|Any CPU.Build.0 = Debug|Any CPU
		{6B7DB30C-F9F6-4633-8AD7-4DE15650DA7E}.Release|Any CPU.ActiveCfg = Release|Any CPU
		{6B7DB30C-F9F6-4633-8AD7-4DE15650DA7E}.Release|Any CPU.Build.0 = Release|Any CPU
	EndGlobalSection
	GlobalSection(SolutionProperties) = preSolution
		HideSolutionNode = FALSE
	EndGlobalSection
	GlobalSection(ExtensibilityGlobals) = postSolution
		SolutionGuid = {B43135E7-B8D3-44C7-8392-958DEAEAC174}
	EndGlobalSection
EndGlobal
